
Microsoft Visual Studio Solution File, Format Version 12.00
# Visual Studio Version 17
VisualStudioVersion = 17.14.36518.9 d17.14
MinimumVisualStudioVersion = 10.0.40219.1
Project("{FAE04EC0-301F-11D3-BF4B-00C04F79EFBC}") = "PilhaExemplo", "PilhaExemplo\PilhaExemplo.csproj", "{8793A1DB-1256-490F-A21E-C254B17656BB}"
EndProject
Global
	GlobalSection(SolutionConfigurationPlatforms) = preSolution
		Debug|Any CPU = Debug|Any CPU
		Release|Any CPU = Release|Any CPU
	EndGlobalSection
	GlobalSection(ProjectConfigurationPlatforms) = postSolution
		{8793A1DB-1256-490F-A21E-C254B17656BB}.Debug|Any CPU.ActiveCfg = Debug|Any CPU
		{8793A1DB-1256-490F-A21E-C254B17656BB}.Debug|Any CPU.Build.0 = Debug|Any CPU
		{8793A1DB-1256-490F-A21E-C254B17656BB}.Release|Any CPU.ActiveCfg = Release|Any CPU
		{8793A1DB-1256-490F-A21E-C254B17656BB}.Release|Any CPU.Build.0 = Release|Any CPU
	EndGlobalSection
	GlobalSection(SolutionProperties) = preSolution
		HideSolutionNode = FALSE
	EndGlobalSection
	GlobalSection(ExtensibilityGlobals) = postSolution
		SolutionGuid = {0EC572E9-1C47-4EC7-9334-9D5FC241CDE9}
	EndGlobalSection
EndGlobal
